// !$*UTF8*$!
{
	archiveVersion = 1;
	classes = {
	};
	objectVersion = 55;
	objects = {

/* Begin PBXBuildFile section */
		B50600432737DD2A00D3B757 /* BulletinApp.swift in Sources */ = {isa = PBXBuildFile; fileRef = B50600422737DD2A00D3B757 /* BulletinApp.swift */; };
		B50600452737DD2A00D3B757 /* ContentView.swift in Sources */ = {isa = PBXBuildFile; fileRef = B50600442737DD2A00D3B757 /* ContentView.swift */; };
		B50600472737DD2B00D3B757 /* Assets.xcassets in Resources */ = {isa = PBXBuildFile; fileRef = B50600462737DD2B00D3B757 /* Assets.xcassets */; };
		B506004A2737DD2B00D3B757 /* Preview Assets.xcassets in Resources */ = {isa = PBXBuildFile; fileRef = B50600492737DD2B00D3B757 /* Preview Assets.xcassets */; };
		B50600532737DE0300D3B757 /* BulletinView.swift in Sources */ = {isa = PBXBuildFile; fileRef = B50600522737DE0300D3B757 /* BulletinView.swift */; };
		B50600552737DE9600D3B757 /* Bulletin.swift in Sources */ = {isa = PBXBuildFile; fileRef = B50600542737DE9600D3B757 /* Bulletin.swift */; };
		B50600572737E07700D3B757 /* BulletinContentView.swift in Sources */ = {isa = PBXBuildFile; fileRef = B50600562737E07700D3B757 /* BulletinContentView.swift */; };
		B50600592737E08200D3B757 /* BulletinWebView.swift in Sources */ = {isa = PBXBuildFile; fileRef = B50600582737E08200D3B757 /* BulletinWebView.swift */; };
		B506005B2737E1C700D3B757 /* WebView+Bulletin.swift in Sources */ = {isa = PBXBuildFile; fileRef = B506005A2737E1C700D3B757 /* WebView+Bulletin.swift */; };
/* End PBXBuildFile section */

/* Begin PBXFileReference section */
		B506003F2737DD2A00D3B757 /* Bulletin-TestHarness.app */ = {isa = PBXFileReference; explicitFileType = wrapper.application; includeInIndex = 0; path = "Bulletin-TestHarness.app"; sourceTree = BUILT_PRODUCTS_DIR; };
		B50600422737DD2A00D3B757 /* BulletinApp.swift */ = {isa = PBXFileReference; lastKnownFileType = sourcecode.swift; path = BulletinApp.swift; sourceTree = "<group>"; };
		B50600442737DD2A00D3B757 /* ContentView.swift */ = {isa = PBXFileReference; lastKnownFileType = sourcecode.swift; path = ContentView.swift; sourceTree = "<group>"; };
		B50600462737DD2B00D3B757 /* Assets.xcassets */ = {isa = PBXFileReference; lastKnownFileType = folder.assetcatalog; path = Assets.xcassets; sourceTree = "<group>"; };
		B50600492737DD2B00D3B757 /* Preview Assets.xcassets */ = {isa = PBXFileReference; lastKnownFileType = folder.assetcatalog; path = "Preview Assets.xcassets"; sourceTree = "<group>"; };
		B50600522737DE0300D3B757 /* BulletinView.swift */ = {isa = PBXFileReference; lastKnownFileType = sourcecode.swift; path = BulletinView.swift; sourceTree = "<group>"; };
		B50600542737DE9600D3B757 /* Bulletin.swift */ = {isa = PBXFileReference; lastKnownFileType = sourcecode.swift; path = Bulletin.swift; sourceTree = "<group>"; };
		B50600562737E07700D3B757 /* BulletinContentView.swift */ = {isa = PBXFileReference; lastKnownFileType = sourcecode.swift; path = BulletinContentView.swift; sourceTree = "<group>"; };
		B50600582737E08200D3B757 /* BulletinWebView.swift */ = {isa = PBXFileReference; lastKnownFileType = sourcecode.swift; path = BulletinWebView.swift; sourceTree = "<group>"; };
		B506005A2737E1C700D3B757 /* WebView+Bulletin.swift */ = {isa = PBXFileReference; lastKnownFileType = sourcecode.swift; path = "WebView+Bulletin.swift"; sourceTree = "<group>"; };
		B506005C2737EB4400D3B757 /* Package.swift */ = {isa = PBXFileReference; lastKnownFileType = sourcecode.swift; path = Package.swift; sourceTree = "<group>"; };
/* End PBXFileReference section */

/* Begin PBXFrameworksBuildPhase section */
		B506003C2737DD2A00D3B757 /* Frameworks */ = {
			isa = PBXFrameworksBuildPhase;
			buildActionMask = 2147483647;
			files = (
			);
			runOnlyForDeploymentPostprocessing = 0;
		};
/* End PBXFrameworksBuildPhase section */

/* Begin PBXGroup section */
		B50600362737DD2A00D3B757 = {
			isa = PBXGroup;
			children = (
				B506005C2737EB4400D3B757 /* Package.swift */,
				B50600502737DDF400D3B757 /* Sources */,
				B50600412737DD2A00D3B757 /* App */,
				B50600402737DD2A00D3B757 /* Products */,
			);
			sourceTree = "<group>";
		};
		B50600402737DD2A00D3B757 /* Products */ = {
			isa = PBXGroup;
			children = (
				B506003F2737DD2A00D3B757 /* Bulletin-TestHarness.app */,
			);
			name = Products;
			sourceTree = "<group>";
		};
		B50600412737DD2A00D3B757 /* App */ = {
			isa = PBXGroup;
			children = (
				B50600422737DD2A00D3B757 /* BulletinApp.swift */,
				B50600442737DD2A00D3B757 /* ContentView.swift */,
				B50600462737DD2B00D3B757 /* Assets.xcassets */,
				B50600482737DD2B00D3B757 /* Preview Content */,
			);
			path = App;
			sourceTree = "<group>";
		};
		B50600482737DD2B00D3B757 /* Preview Content */ = {
			isa = PBXGroup;
			children = (
				B50600492737DD2B00D3B757 /* Preview Assets.xcassets */,
			);
			path = "Preview Content";
			sourceTree = "<group>";
		};
		B50600502737DDF400D3B757 /* Sources */ = {
			isa = PBXGroup;
			children = (
				B50600512737DDF400D3B757 /* Bulletin */,
			);
			name = Sources;
			path = ../Sources;
			sourceTree = "<group>";
		};
		B50600512737DDF400D3B757 /* Bulletin */ = {
			isa = PBXGroup;
			children = (
				B50600522737DE0300D3B757 /* BulletinView.swift */,
				B50600562737E07700D3B757 /* BulletinContentView.swift */,
				B50600582737E08200D3B757 /* BulletinWebView.swift */,
				B506005A2737E1C700D3B757 /* WebView+Bulletin.swift */,
				B50600542737DE9600D3B757 /* Bulletin.swift */,
			);
			path = Bulletin;
			sourceTree = "<group>";
		};
/* End PBXGroup section */

/* Begin PBXNativeTarget section */
		B506003E2737DD2A00D3B757 /* Bulletin-TestHarness */ = {
			isa = PBXNativeTarget;
			buildConfigurationList = B506004D2737DD2B00D3B757 /* Build configuration list for PBXNativeTarget "Bulletin-TestHarness" */;
			buildPhases = (
				B506003B2737DD2A00D3B757 /* Sources */,
				B506003C2737DD2A00D3B757 /* Frameworks */,
				B506003D2737DD2A00D3B757 /* Resources */,
			);
			buildRules = (
			);
			dependencies = (
			);
			name = "Bulletin-TestHarness";
			productName = Bulletin;
			productReference = B506003F2737DD2A00D3B757 /* Bulletin-TestHarness.app */;
			productType = "com.apple.product-type.application";
		};
/* End PBXNativeTarget section */

/* Begin PBXProject section */
		B50600372737DD2A00D3B757 /* Project object */ = {
			isa = PBXProject;
			attributes = {
				BuildIndependentTargetsInParallel = 1;
				LastSwiftUpdateCheck = 1300;
				LastUpgradeCheck = 1300;
				TargetAttributes = {
					B506003E2737DD2A00D3B757 = {
						CreatedOnToolsVersion = 13.0;
					};
				};
			};
			buildConfigurationList = B506003A2737DD2A00D3B757 /* Build configuration list for PBXProject "Bulletin-TestHarness" */;
			compatibilityVersion = "Xcode 13.0";
			developmentRegion = en;
			hasScannedForEncodings = 0;
			knownRegions = (
				en,
				Base,
			);
			mainGroup = B50600362737DD2A00D3B757;
			productRefGroup = B50600402737DD2A00D3B757 /* Products */;
			projectDirPath = "";
			projectRoot = "";
			targets = (
				B506003E2737DD2A00D3B757 /* Bulletin-TestHarness */,
			);
		};
/* End PBXProject section */

/* Begin PBXResourcesBuildPhase section */
		B506003D2737DD2A00D3B757 /* Resources */ = {
			isa = PBXResourcesBuildPhase;
			buildActionMask = 2147483647;
			files = (
				B506004A2737DD2B00D3B757 /* Preview Assets.xcassets in Resources */,
				B50600472737DD2B00D3B757 /* Assets.xcassets in Resources */,
			);
			runOnlyForDeploymentPostprocessing = 0;
		};
/* End PBXResourcesBuildPhase section */

/* Begin PBXSourcesBuildPhase section */
		B506003B2737DD2A00D3B757 /* Sources */ = {
			isa = PBXSourcesBuildPhase;
			buildActionMask = 2147483647;
			files = (
				B50600572737E07700D3B757 /* BulletinContentView.swift in Sources */,
				B50600552737DE9600D3B757 /* Bulletin.swift in Sources */,
				B50600592737E08200D3B757 /* BulletinWebView.swift in Sources */,
				B50600532737DE0300D3B757 /* BulletinView.swift in Sources */,
				B50600452737DD2A00D3B757 /* ContentView.swift in Sources */,
				B50600432737DD2A00D3B757 /* BulletinApp.swift in Sources */,
				B506005B2737E1C700D3B757 /* WebView+Bulletin.swift in Sources */,
			);
			runOnlyForDeploymentPostprocessing = 0;
		};
/* End PBXSourcesBuildPhase section */

/* Begin XCBuildConfiguration section */
		B506004B2737DD2B00D3B757 /* Debug */ = {
			isa = XCBuildConfiguration;
			buildSettings = {
				ALWAYS_SEARCH_USER_PATHS = NO;
				CLANG_ANALYZER_NONNULL = YES;
				CLANG_ANALYZER_NUMBER_OBJECT_CONVERSION = YES_AGGRESSIVE;
				CLANG_CXX_LANGUAGE_STANDARD = "gnu++17";
				CLANG_CXX_LIBRARY = "libc++";
				CLANG_ENABLE_MODULES = YES;
				CLANG_ENABLE_OBJC_ARC = YES;
				CLANG_ENABLE_OBJC_WEAK = YES;
				CLANG_WARN_BLOCK_CAPTURE_AUTORELEASING = YES;
				CLANG_WARN_BOOL_CONVERSION = YES;
				CLANG_WARN_COMMA = YES;
				CLANG_WARN_CONSTANT_CONVERSION = YES;
				CLANG_WARN_DEPRECATED_OBJC_IMPLEMENTATIONS = YES;
				CLANG_WARN_DIRECT_OBJC_ISA_USAGE = YES_ERROR;
				CLANG_WARN_DOCUMENTATION_COMMENTS = YES;
				CLANG_WARN_EMPTY_BODY = YES;
				CLANG_WARN_ENUM_CONVERSION = YES;
				CLANG_WARN_INFINITE_RECURSION = YES;
				CLANG_WARN_INT_CONVERSION = YES;
				CLANG_WARN_NON_LITERAL_NULL_CONVERSION = YES;
				CLANG_WARN_OBJC_IMPLICIT_RETAIN_SELF = YES;
				CLANG_WARN_OBJC_LITERAL_CONVERSION = YES;
				CLANG_WARN_OBJC_ROOT_CLASS = YES_ERROR;
				CLANG_WARN_QUOTED_INCLUDE_IN_FRAMEWORK_HEADER = YES;
				CLANG_WARN_RANGE_LOOP_ANALYSIS = YES;
				CLANG_WARN_STRICT_PROTOTYPES = YES;
				CLANG_WARN_SUSPICIOUS_MOVE = YES;
				CLANG_WARN_UNGUARDED_AVAILABILITY = YES_AGGRESSIVE;
				CLANG_WARN_UNREACHABLE_CODE = YES;
				CLANG_WARN__DUPLICATE_METHOD_MATCH = YES;
				COPY_PHASE_STRIP = NO;
				DEBUG_INFORMATION_FORMAT = dwarf;
				ENABLE_STRICT_OBJC_MSGSEND = YES;
				ENABLE_TESTABILITY = YES;
				GCC_C_LANGUAGE_STANDARD = gnu11;
				GCC_DYNAMIC_NO_PIC = NO;
				GCC_NO_COMMON_BLOCKS = YES;
				GCC_OPTIMIZATION_LEVEL = 0;
				GCC_PREPROCESSOR_DEFINITIONS = (
					"DEBUG=1",
					"$(inherited)",
				);
				GCC_WARN_64_TO_32_BIT_CONVERSION = YES;
				GCC_WARN_ABOUT_RETURN_TYPE = YES_ERROR;
				GCC_WARN_UNDECLARED_SELECTOR = YES;
				GCC_WARN_UNINITIALIZED_AUTOS = YES_AGGRESSIVE;
				GCC_WARN_UNUSED_FUNCTION = YES;
				GCC_WARN_UNUSED_VARIABLE = YES;
				IPHONEOS_DEPLOYMENT_TARGET = 15.0;
				MTL_ENABLE_DEBUG_INFO = INCLUDE_SOURCE;
				MTL_FAST_MATH = YES;
				ONLY_ACTIVE_ARCH = YES;
				SDKROOT = iphoneos;
				SWIFT_ACTIVE_COMPILATION_CONDITIONS = DEBUG;
				SWIFT_OPTIMIZATION_LEVEL = "-Onone";
			};
			name = Debug;
		};
		B506004C2737DD2B00D3B757 /* Release */ = {
			isa = XCBuildConfiguration;
			buildSettings = {
				ALWAYS_SEARCH_USER_PATHS = NO;
				CLANG_ANALYZER_NONNULL = YES;
				CLANG_ANALYZER_NUMBER_OBJECT_CONVERSION = YES_AGGRESSIVE;
				CLANG_CXX_LANGUAGE_STANDARD = "gnu++17";
				CLANG_CXX_LIBRARY = "libc++";
				CLANG_ENABLE_MODULES = YES;
				CLANG_ENABLE_OBJC_ARC = YES;
				CLANG_ENABLE_OBJC_WEAK = YES;
				CLANG_WARN_BLOCK_CAPTURE_AUTORELEASING = YES;
				CLANG_WARN_BOOL_CONVERSION = YES;
				CLANG_WARN_COMMA = YES;
				CLANG_WARN_CONSTANT_CONVERSION = YES;
				CLANG_WARN_DEPRECATED_OBJC_IMPLEMENTATIONS = YES;
				CLANG_WARN_DIRECT_OBJC_ISA_USAGE = YES_ERROR;
				CLANG_WARN_DOCUMENTATION_COMMENTS = YES;
				CLANG_WARN_EMPTY_BODY = YES;
				CLANG_WARN_ENUM_CONVERSION = YES;
				CLANG_WARN_INFINITE_RECURSION = YES;
				CLANG_WARN_INT_CONVERSION = YES;
				CLANG_WARN_NON_LITERAL_NULL_CONVERSION = YES;
				CLANG_WARN_OBJC_IMPLICIT_RETAIN_SELF = YES;
				CLANG_WARN_OBJC_LITERAL_CONVERSION = YES;
				CLANG_WARN_OBJC_ROOT_CLASS = YES_ERROR;
				CLANG_WARN_QUOTED_INCLUDE_IN_FRAMEWORK_HEADER = YES;
				CLANG_WARN_RANGE_LOOP_ANALYSIS = YES;
				CLANG_WARN_STRICT_PROTOTYPES = YES;
				CLANG_WARN_SUSPICIOUS_MOVE = YES;
				CLANG_WARN_UNGUARDED_AVAILABILITY = YES_AGGRESSIVE;
				CLANG_WARN_UNREACHABLE_CODE = YES;
				CLANG_WARN__DUPLICATE_METHOD_MATCH = YES;
				COPY_PHASE_STRIP = NO;
				DEBUG_INFORMATION_FORMAT = "dwarf-with-dsym";
				ENABLE_NS_ASSERTIONS = NO;
				ENABLE_STRICT_OBJC_MSGSEND = YES;
				GCC_C_LANGUAGE_STANDARD = gnu11;
				GCC_NO_COMMON_BLOCKS = YES;
				GCC_WARN_64_TO_32_BIT_CONVERSION = YES;
				GCC_WARN_ABOUT_RETURN_TYPE = YES_ERROR;
				GCC_WARN_UNDECLARED_SELECTOR = YES;
				GCC_WARN_UNINITIALIZED_AUTOS = YES_AGGRESSIVE;
				GCC_WARN_UNUSED_FUNCTION = YES;
				GCC_WARN_UNUSED_VARIABLE = YES;
				IPHONEOS_DEPLOYMENT_TARGET = 15.0;
				MTL_ENABLE_DEBUG_INFO = NO;
				MTL_FAST_MATH = YES;
				SDKROOT = iphoneos;
				SWIFT_COMPILATION_MODE = wholemodule;
				SWIFT_OPTIMIZATION_LEVEL = "-O";
				VALIDATE_PRODUCT = YES;
			};
			name = Release;
		};
		B506004E2737DD2B00D3B757 /* Debug */ = {
			isa = XCBuildConfiguration;
			buildSettings = {
				ASSETCATALOG_COMPILER_APPICON_NAME = AppIcon;
				ASSETCATALOG_COMPILER_GLOBAL_ACCENT_COLOR_NAME = AccentColor;
				CODE_SIGN_STYLE = Automatic;
				CURRENT_PROJECT_VERSION = 1;
				DEVELOPMENT_ASSET_PATHS = "\"App/Preview Content\"";
				DEVELOPMENT_TEAM = YY6CWUX533;
				ENABLE_PREVIEWS = YES;
				GENERATE_INFOPLIST_FILE = YES;
				INFOPLIST_KEY_UIApplicationSceneManifest_Generation = YES;
				INFOPLIST_KEY_UIApplicationSupportsIndirectInputEvents = YES;
				INFOPLIST_KEY_UILaunchScreen_Generation = YES;
				INFOPLIST_KEY_UISupportedInterfaceOrientations_iPad = "UIInterfaceOrientationPortrait UIInterfaceOrientationPortraitUpsideDown UIInterfaceOrientationLandscapeLeft UIInterfaceOrientationLandscapeRight";
				INFOPLIST_KEY_UISupportedInterfaceOrientations_iPhone = "UIInterfaceOrientationPortrait UIInterfaceOrientationLandscapeLeft UIInterfaceOrientationLandscapeRight";
				IPHONEOS_DEPLOYMENT_TARGET = 14.0;
				LD_RUNPATH_SEARCH_PATHS = (
					"$(inherited)",
					"@executable_path/Frameworks",
				);
				MARKETING_VERSION = 1.0;
				PRODUCT_BUNDLE_IDENTIFIER = com.standalone.Bulletin;
				PRODUCT_NAME = "$(TARGET_NAME)";
				SWIFT_EMIT_LOC_STRINGS = YES;
				SWIFT_VERSION = 5.0;
				TARGETED_DEVICE_FAMILY = "1,2";
			};
			name = Debug;
		};
		B506004F2737DD2B00D3B757 /* Release */ = {
			isa = XCBuildConfiguration;
			buildSettings = {
				ASSETCATALOG_COMPILER_APPICON_NAME = AppIcon;
				ASSETCATALOG_COMPILER_GLOBAL_ACCENT_COLOR_NAME = AccentColor;
				CODE_SIGN_STYLE = Automatic;
				CURRENT_PROJECT_VERSION = 1;
				DEVELOPMENT_ASSET_PATHS = "\"App/Preview Content\"";
				DEVELOPMENT_TEAM = YY6CWUX533;
				ENABLE_PREVIEWS = YES;
				GENERATE_INFOPLIST_FILE = YES;
				INFOPLIST_KEY_UIApplicationSceneManifest_Generation = YES;
				INFOPLIST_KEY_UIApplicationSupportsIndirectInputEvents = YES;
				INFOPLIST_KEY_UILaunchScreen_Generation = YES;
				INFOPLIST_KEY_UISupportedInterfaceOrientations_iPad = "UIInterfaceOrientationPortrait UIInterfaceOrientationPortraitUpsideDown UIInterfaceOrientationLandscapeLeft UIInterfaceOrientationLandscapeRight";
				INFOPLIST_KEY_UISupportedInterfaceOrientations_iPhone = "UIInterfaceOrientationPortrait UIInterfaceOrientationLandscapeLeft UIInterfaceOrientationLandscapeRight";
				IPHONEOS_DEPLOYMENT_TARGET = 14.0;
				LD_RUNPATH_SEARCH_PATHS = (
					"$(inherited)",
					"@executable_path/Frameworks",
				);
				MARKETING_VERSION = 1.0;
				PRODUCT_BUNDLE_IDENTIFIER = com.standalone.Bulletin;
				PRODUCT_NAME = "$(TARGET_NAME)";
				SWIFT_EMIT_LOC_STRINGS = YES;
				SWIFT_VERSION = 5.0;
				TARGETED_DEVICE_FAMILY = "1,2";
			};
			name = Release;
		};
/* End XCBuildConfiguration section */

/* Begin XCConfigurationList section */
		B506003A2737DD2A00D3B757 /* Build configuration list for PBXProject "Bulletin-TestHarness" */ = {
			isa = XCConfigurationList;
			buildConfigurations = (
				B506004B2737DD2B00D3B757 /* Debug */,
				B506004C2737DD2B00D3B757 /* Release */,
			);
			defaultConfigurationIsVisible = 0;
			defaultConfigurationName = Release;
		};
		B506004D2737DD2B00D3B757 /* Build configuration list for PBXNativeTarget "Bulletin-TestHarness" */ = {
			isa = XCConfigurationList;
			buildConfigurations = (
				B506004E2737DD2B00D3B757 /* Debug */,
				B506004F2737DD2B00D3B757 /* Release */,
			);
			defaultConfigurationIsVisible = 0;
			defaultConfigurationName = Release;
		};
/* End XCConfigurationList section */
	};
	rootObject = B50600372737DD2A00D3B757 /* Project object */;
}
